%{
  "base64": {:hex, :base64, "0.1.0", "9cd64a5367735572160de6f707f08fcfb0de72aca4bc91fcfcdb97429608ce50", [:mix], [{:rustler, "~> 0.25", [hex: :rustler, repo: "hexpm", optional: false]}], "hexpm", "507d6cf071b1e228997d80bfe9e75b9ce411cbe360941cc4b92dbb1a4092ab99"},
  "castore": {:hex, :castore, "0.1.18", "deb5b9ab02400561b6f5708f3e7660fc35ca2d51bfc6a940d2f513f89c2975fc", [:mix], [], "hexpm", "61bbaf6452b782ef80b33cdb45701afbcf0a918a45ebe7e73f1130d661e66a06"},
  "complex": {:hex, :complex, "0.4.2", "923e5db0be13dbb3ea00cf8459d9f75f3afdd9ff5a82742ded21064330d28273", [:mix], [], "hexpm", "069a085ef820ce675a2619fd125b963ff4514af2102c7f7d7965128e5ec0a429"},
  "dll_loader_helper": {:hex, :dll_loader_helper, "0.1.8", "1621409a3cb06c750fe845bf954785cffa5fe8f2fca41006008b891877603bf7", [:make, :mix, :rebar3], [], "hexpm", "cd373dc6a028f3e37eca26b073e3a75249513db2f9b0e42520423886801fa7d7"},
  "elixir_make": {:hex, :elixir_make, "0.6.3", "bc07d53221216838d79e03a8019d0839786703129599e9619f4ab74c8c096eac", [:mix], [], "hexpm", "f5cbd651c5678bcaabdbb7857658ee106b12509cd976c2c2fca99688e1daf716"},
  "evision": {:hex, :evision, "0.1.16", "d7e76dbb63edc84af5cdf749c0fe73ffc99c88b251e29625746da6f97938099c", [:make, :mix, :rebar3], [{:castore, "~> 0.1", [hex: :castore, repo: "hexpm", optional: false]}, {:dll_loader_helper, "~> 0.1", [hex: :dll_loader_helper, repo: "hexpm", optional: false]}, {:elixir_make, "~> 0.6", [hex: :elixir_make, repo: "hexpm", optional: false]}, {:kino, "~> 0.7", [hex: :kino, repo: "hexpm", optional: true]}, {:nx, "~> 0.4", [hex: :nx, repo: "hexpm", optional: false]}], "hexpm", "8c6b300bd4684ff53a4f83e524ca4da721349434654d401b789843d695010127"},
  "image": {:hex, :image, "0.13.1", "71b3d506c136c58899eadc9d5c45524d549cbd085e55ca3ec23187afe5df6f62", [:mix], [{:evision, ">= 0.1.14", [hex: :evision, repo: "hexpm", optional: true]}, {:kino, "~> 0.7", [hex: :kino, repo: "hexpm", optional: true]}, {:nx, "~> 0.2", [hex: :nx, repo: "hexpm", optional: true]}, {:phoenix_html, "~> 3.2 or ~> 2.14", [hex: :phoenix_html, repo: "hexpm", optional: false]}, {:plug, "~> 1.13", [hex: :plug, repo: "hexpm", optional: true]}, {:sweet_xml, "~> 0.7", [hex: :sweet_xml, repo: "hexpm", optional: false]}, {:vix, "~> 0.14", [hex: :vix, repo: "hexpm", optional: false]}], "hexpm", "c9e69e3bcac0dde1d3b6f2b8d8908c9ae347a7431ac86be9f5e1159e8c1d2a75"},
  "jason": {:hex, :jason, "1.4.0", "e855647bc964a44e2f67df589ccf49105ae039d4179db7f6271dfd3843dc27e6", [:mix], [{:decimal, "~> 1.0 or ~> 2.0", [hex: :decimal, repo: "hexpm", optional: true]}], "hexpm", "79a3791085b2a0f743ca04cec0f7be26443738779d09302e01318f97bdb82121"},
  "kino": {:hex, :kino, "0.7.0", "98d2623bebf8d1c4d761c5ed9741c6aae2f1909706baec501f2fdad347cb9d92", [:mix], [{:table, "~> 0.1.2", [hex: :table, repo: "hexpm", optional: false]}], "hexpm", "3dd1ee761c241caa30364333e3102a954d68188414a46e867f95c858d745f3fd"},
  "nx": {:hex, :nx, "0.4.0", "2ec2cebec6a9ac8a3d5ae8ef79345cf92f37f9018d50817684e51e97b86f3d36", [:mix], [{:complex, "~> 0.4.2", [hex: :complex, repo: "hexpm", optional: false]}], "hexpm", "bab955768dadfe2208723fbffc9255341b023291f2aabcbd25bf98167dd3399e"},
  "phoenix_html": {:hex, :phoenix_html, "3.2.0", "1c1219d4b6cb22ac72f12f73dc5fad6c7563104d083f711c3fcd8551a1f4ae11", [:mix], [{:plug, "~> 1.5", [hex: :plug, repo: "hexpm", optional: true]}], "hexpm", "36ec97ba56d25c0136ef1992c37957e4246b649d620958a1f9fa86165f8bc54f"},
  "rustler": {:hex, :rustler, "0.26.0", "06a2773d453ee3e9109efda643cf2ae633dedea709e2455ac42b83637c9249bf", [:mix], [{:jason, "~> 1.0", [hex: :jason, repo: "hexpm", optional: false]}, {:toml, "~> 0.6", [hex: :toml, repo: "hexpm", optional: false]}], "hexpm", "42961e9d2083d004d5a53e111ad1f0c347efd9a05cb2eb2ffa1d037cdc74db91"},
  "secure_random": {:hex, :secure_random, "0.5.1", "c5532b37c89d175c328f5196a0c2a5680b15ebce3e654da37129a9fe40ebf51b", [:mix], [], "hexpm", "1b9754f15e3940a143baafd19da12293f100044df69ea12db5d72878312ae6ab"},
  "sweet_xml": {:hex, :sweet_xml, "0.7.3", "debb256781c75ff6a8c5cbf7981146312b66f044a2898f453709a53e5031b45b", [:mix], [], "hexpm", "e110c867a1b3fe74bfc7dd9893aa851f0eed5518d0d7cad76d7baafd30e4f5ba"},
  "table": {:hex, :table, "0.1.2", "87ad1125f5b70c5dea0307aa633194083eb5182ec537efc94e96af08937e14a8", [:mix], [], "hexpm", "7e99bc7efef806315c7e65640724bf165c3061cdc5d854060f74468367065029"},
  "tesseract_ocr": {:hex, :tesseract_ocr, "0.1.5", "158d5f1a3b6507655f52c4cb55c7ddf638f1c1ede0dc464e027cd0e01d7c4b64", [:mix], [{:secure_random, ">= 0.0.0", [hex: :secure_random, repo: "hexpm", optional: false]}], "hexpm", "fdc09d9704ba2e162740f651db5a4dcf1643d6cb70e3e8f8d33352e4b6ac6d99"},
  "toml": {:hex, :toml, "0.7.0", "fbcd773caa937d0c7a02c301a1feea25612720ac3fa1ccb8bfd9d30d822911de", [:mix], [], "hexpm", "0690246a2478c1defd100b0c9b89b4ea280a22be9a7b313a8a058a2408a2fa70"},
  "vix": {:hex, :vix, "0.14.0", "f84eaf28191514d385829580db4e1c971e75ecfa771538a40159c18d88340049", [:make, :mix], [{:elixir_make, "~> 0.6", [hex: :elixir_make, repo: "hexpm", optional: false]}, {:kino, "~> 0.7", [hex: :kino, repo: "hexpm", optional: true]}], "hexpm", "964003b93351b51d0a5b80d80b3d568da4546e6ecbb1ee0bd0fb0a5c8d6e8cc9"},
}
